
Microsoft Visual Studio Solution File, Format Version 12.00
# Visual Studio Version 17
VisualStudioVersion = 17.9.34622.214
MinimumVisualStudioVersion = 10.0.40219.1
Project("{8BC9CEB8-8B4A-11D0-8D11-00A0C91BC942}") = "LabProject00", "LabProject00\LabProject00.vcxproj", "{E6A798CC-0135-4CF3-8E00-7D7AF8AD169C}"
EndProject
Project("{8BC9CEB8-8B4A-11D0-8D11-00A0C91BC942}") = "LabProject01", "LabProject01\LabProject01.vcxproj", "{03AB6CEC-1D98-415B-BFF4-A126183811DE}"
EndProject
Project("{8BC9CEB8-8B4A-11D0-8D11-00A0C91BC942}") = "LabProject02", "LabProject02\LabProject02.vcxproj", "{35387C78-C190-4ECF-9A0C-0DA00DAB61EC}"
EndProject
Project("{8BC9CEB8-8B4A-11D0-8D11-00A0C91BC942}") = "LabProject03", "LabProject03\LabProject03.vcxproj", "{976FC490-1F61-42F5-98AD-A4A80084940D}"
EndProject
Project("{8BC9CEB8-8B4A-11D0-8D11-00A0C91BC942}") = "LabProject04", "LabProject04\LabProject04.vcxproj", "{F52AE422-6C06-4B67-957D-686454EDC224}"
EndProject
Project("{8BC9CEB8-8B4A-11D0-8D11-00A0C91BC942}") = "LabProject02-1", "LabProject02-1\LabProject02-1.vcxproj", "{60B45AF5-30E5-4F20-8765-23F8151CDA3D}"
EndProject
Project("{8BC9CEB8-8B4A-11D0-8D11-00A0C91BC942}") = "LabProject05", "LabProject05\LabProject05.vcxproj", "{DF54FE73-36E2-40D4-8EE8-FB7A163E18A4}"
EndProject
Global
	GlobalSection(SolutionConfigurationPlatforms) = preSolution
		Debug|x64 = Debug|x64
		Debug|x86 = Debug|x86
		Release|x64 = Release|x64
		Release|x86 = Release|x86
	EndGlobalSection
	GlobalSection(ProjectConfigurationPlatforms) = postSolution
		{E6A798CC-0135-4CF3-8E00-7D7AF8AD169C}.Debug|x64.ActiveCfg = Debug|x64
		{E6A798CC-0135-4CF3-8E00-7D7AF8AD169C}.Debug|x64.Build.0 = Debug|x64
		{E6A798CC-0135-4CF3-8E00-7D7AF8AD169C}.Debug|x86.ActiveCfg = Debug|Win32
		{E6A798CC-0135-4CF3-8E00-7D7AF8AD169C}.Debug|x86.Build.0 = Debug|Win32
		{E6A798CC-0135-4CF3-8E00-7D7AF8AD169C}.Release|x64.ActiveCfg = Release|x64
		{E6A798CC-0135-4CF3-8E00-7D7AF8AD169C}.Release|x64.Build.0 = Release|x64
		{E6A798CC-0135-4CF3-8E00-7D7AF8AD169C}.Release|x86.ActiveCfg = Release|Win32
		{E6A798CC-0135-4CF3-8E00-7D7AF8AD169C}.Release|x86.Build.0 = Release|Win32
		{03AB6CEC-1D98-415B-BFF4-A126183811DE}.Debug|x64.ActiveCfg = Debug|x64
		{03AB6CEC-1D98-415B-BFF4-A126183811DE}.Debug|x64.Build.0 = Debug|x64
		{03AB6CEC-1D98-415B-BFF4-A126183811DE}.Debug|x86.ActiveCfg = Debug|Win32
		{03AB6CEC-1D98-415B-BFF4-A126183811DE}.Debug|x86.Build.0 = Debug|Win32
		{03AB6CEC-1D98-415B-BFF4-A126183811DE}.Release|x64.ActiveCfg = Release|x64
		{03AB6CEC-1D98-415B-BFF4-A126183811DE}.Release|x64.Build.0 = Release|x64
		{03AB6CEC-1D98-415B-BFF4-A126183811DE}.Release|x86.ActiveCfg = Release|Win32
		{03AB6CEC-1D98-415B-BFF4-A126183811DE}.Release|x86.Build.0 = Release|Win32
		{35387C78-C190-4ECF-9A0C-0DA00DAB61EC}.Debug|x64.ActiveCfg = Debug|x64
		{35387C78-C190-4ECF-9A0C-0DA00DAB61EC}.Debug|x64.Build.0 = Debug|x64
		{35387C78-C190-4ECF-9A0C-0DA00DAB61EC}.Debug|x86.ActiveCfg = Debug|Win32
		{35387C78-C190-4ECF-9A0C-0DA00DAB61EC}.Debug|x86.Build.0 = Debug|Win32
		{35387C78-C190-4ECF-9A0C-0DA00DAB61EC}.Release|x64.ActiveCfg = Release|x64
		{35387C78-C190-4ECF-9A0C-0DA00DAB61EC}.Release|x64.Build.0 = Release|x64
		{35387C78-C190-4ECF-9A0C-0DA00DAB61EC}.Release|x86.ActiveCfg = Release|Win32
		{35387C78-C190-4ECF-9A0C-0DA00DAB61EC}.Release|x86.Build.0 = Release|Win32
		{976FC490-1F61-42F5-98AD-A4A80084940D}.Debug|x64.ActiveCfg = Debug|x64
		{976FC490-1F61-42F5-98AD-A4A80084940D}.Debug|x64.Build.0 = Debug|x64
		{976FC490-1F61-42F5-98AD-A4A80084940D}.Debug|x86.ActiveCfg = Debug|Win32
		{976FC490-1F61-42F5-98AD-A4A80084940D}.Debug|x86.Build.0 = Debug|Win32
		{976FC490-1F61-42F5-98AD-A4A80084940D}.Release|x64.ActiveCfg = Release|x64
		{976FC490-1F61-42F5-98AD-A4A80084940D}.Release|x64.Build.0 = Release|x64
		{976FC490-1F61-42F5-98AD-A4A80084940D}.Release|x86.ActiveCfg = Release|Win32
		{976FC490-1F61-42F5-98AD-A4A80084940D}.Release|x86.Build.0 = Release|Win32
		{F52AE422-6C06-4B67-957D-686454EDC224}.Debug|x64.ActiveCfg = Debug|x64
		{F52AE422-6C06-4B67-957D-686454EDC224}.Debug|x64.Build.0 = Debug|x64
		{F52AE422-6C06-4B67-957D-686454EDC224}.Debug|x86.ActiveCfg = Debug|Win32
		{F52AE422-6C06-4B67-957D-686454EDC224}.Debug|x86.Build.0 = Debug|Win32
		{F52AE422-6C06-4B67-957D-686454EDC224}.Release|x64.ActiveCfg = Release|x64
		{F52AE422-6C06-4B67-957D-686454EDC224}.Release|x64.Build.0 = Release|x64
		{F52AE422-6C06-4B67-957D-686454EDC224}.Release|x86.ActiveCfg = Release|Win32
		{F52AE422-6C06-4B67-957D-686454EDC224}.Release|x86.Build.0 = Release|Win32
		{60B45AF5-30E5-4F20-8765-23F8151CDA3D}.Debug|x64.ActiveCfg = Debug|x64
		{60B45AF5-30E5-4F20-8765-23F8151CDA3D}.Debug|x64.Build.0 = Debug|x64
		{60B45AF5-30E5-4F20-8765-23F8151CDA3D}.Debug|x86.ActiveCfg = Debug|Win32
		{60B45AF5-30E5-4F20-8765-23F8151CDA3D}.Debug|x86.Build.0 = Debug|Win32
		{60B45AF5-30E5-4F20-8765-23F8151CDA3D}.Release|x64.ActiveCfg = Release|x64
		{60B45AF5-30E5-4F20-8765-23F8151CDA3D}.Release|x64.Build.0 = Release|x64
		{60B45AF5-30E5-4F20-8765-23F8151CDA3D}.Release|x86.ActiveCfg = Release|Win32
		{60B45AF5-30E5-4F20-8765-23F8151CDA3D}.Release|x86.Build.0 = Release|Win32
		{DF54FE73-36E2-40D4-8EE8-FB7A163E18A4}.Debug|x64.ActiveCfg = Debug|x64
		{DF54FE73-36E2-40D4-8EE8-FB7A163E18A4}.Debug|x64.Build.0 = Debug|x64
		{DF54FE73-36E2-40D4-8EE8-FB7A163E18A4}.Debug|x86.ActiveCfg = Debug|Win32
		{DF54FE73-36E2-40D4-8EE8-FB7A163E18A4}.Debug|x86.Build.0 = Debug|Win32
		{DF54FE73-36E2-40D4-8EE8-FB7A163E18A4}.Release|x64.ActiveCfg = Release|x64
		{DF54FE73-36E2-40D4-8EE8-FB7A163E18A4}.Release|x64.Build.0 = Release|x64
		{DF54FE73-36E2-40D4-8EE8-FB7A163E18A4}.Release|x86.ActiveCfg = Release|Win32
		{DF54FE73-36E2-40D4-8EE8-FB7A163E18A4}.Release|x86.Build.0 = Release|Win32
	EndGlobalSection
	GlobalSection(SolutionProperties) = preSolution
		HideSolutionNode = FALSE
	EndGlobalSection
	GlobalSection(ExtensibilityGlobals) = postSolution
		SolutionGuid = {682AC1AB-DB83-46DB-A731-45D343726DED}
	EndGlobalSection
EndGlobal
